{
  "name": "arpspoof",
  "version": "1.0.0",
  "lockfileVersion": 3,
  "requires": true,
  "packages": {
    "": {
      "name": "arpspoof",
      "version": "1.0.0",
      "license": "ISC",
      "dependencies": {
        "commander": "^12.0.0",
        "pcap": "^3.1.0"
      }
    },
    "node_modules/@types/node": {
      "version": "10.17.60",
      "resolved": "https://registry.npmjs.org/@types/node/-/node-10.17.60.tgz",
      "integrity": "sha512-F0KIgDJfy2nA3zMLmWGKxcH2ZVEtCZXHHdOQs2gSaQ27+lNeEfGxzkIw90aXswATX7AZ33tahPbzy6KAfUreVw=="
    },
    "node_modules/commander": {
      "version": "12.0.0",
      "resolved": "https://registry.npmjs.org/commander/-/commander-12.0.0.tgz",
      "integrity": "sha512-MwVNWlYjDTtOjX5PiD7o5pK0UrFU/OYgcJfjjK4RaHZETNtjJqrZa9Y9ds88+A+f+d5lv+561eZ+yCKoS3gbAA==",
      "engines": {
        "node": ">=18"
      }
    },
    "node_modules/nan": {
      "version": "2.19.0",
      "resolved": "https://registry.npmjs.org/nan/-/nan-2.19.0.tgz",
      "integrity": "sha512-nO1xXxfh/RWNxfd/XPfbIfFk5vgLsAxUR9y5O0cHMJu/AW9U95JLXqthYHjEp+8gQ5p96K9jUp8nbVOxCdRbtw=="
    },
    "node_modules/pcap": {
      "version": "3.1.0",
      "resolved": "https://registry.npmjs.org/pcap/-/pcap-3.1.0.tgz",
      "integrity": "sha512-bTmjruLZBmmlAc+wougRbKVzspUA4bqi505v70W/dQErmdiLs8n5pNc1Z41lj8TAkZG6GZD/1mMY0VC+uj/PBQ==",
      "hasInstallScript": true,
      "dependencies": {
        "@types/node": "^10.0.0",
        "nan": "^2.14.0"
      },
      "engines": {
        "node": ">=10.0.0"
      }
    }
  }
}
